
Microsoft Visual Studio Solution File, Format Version 12.00
# Visual Studio Version 17
VisualStudioVersion = 17.14.36429.23 d17.14
MinimumVisualStudioVersion = 10.0.40219.1
Project("{FAE04EC0-301F-11D3-BF4B-00C04F79EFBC}") = "ConsoleArrayApp", "ConsoleArrayApp\ConsoleArrayApp.csproj", "{B9CD9BF6-D2C1-42A8-BAD4-A3EA4C936264}"
EndProject
Global
	GlobalSection(SolutionConfigurationPlatforms) = preSolution
		Debug|Any CPU = Debug|Any CPU
		Release|Any CPU = Release|Any CPU
	EndGlobalSection
	GlobalSection(ProjectConfigurationPlatforms) = postSolution
		{B9CD9BF6-D2C1-42A8-BAD4-A3EA4C936264}.Debug|Any CPU.ActiveCfg = Debug|Any CPU
		{B9CD9BF6-D2C1-42A8-BAD4-A3EA4C936264}.Debug|Any CPU.Build.0 = Debug|Any CPU
		{B9CD9BF6-D2C1-42A8-BAD4-A3EA4C936264}.Release|Any CPU.ActiveCfg = Release|Any CPU
		{B9CD9BF6-D2C1-42A8-BAD4-A3EA4C936264}.Release|Any CPU.Build.0 = Release|Any CPU
	EndGlobalSection
	GlobalSection(SolutionProperties) = preSolution
		HideSolutionNode = FALSE
	EndGlobalSection
	GlobalSection(ExtensibilityGlobals) = postSolution
		SolutionGuid = {DE14B08D-00AC-4826-81D3-EDB494F66638}
	EndGlobalSection
EndGlobal
